
Microsoft Visual Studio Solution File, Format Version 12.00
# Visual Studio 15
VisualStudioVersion = 15.0.28010.2041
MinimumVisualStudioVersion = 10.0.40219.1
Project("{8BC9CEB8-8B4A-11D0-8D11-00A0C91BC942}") = "Mot", "Mot\Mot.vcxproj", "{97F53CF1-48FD-4AA5-89DA-AE803145D4D4}"
EndProject
Project("{8BC9CEB8-8B4A-11D0-8D11-00A0C91BC942}") = "Hai", "Hai\Hai.vcxproj", "{53392B96-D0AC-4EF0-BE2F-511A8748048F}"
EndProject
Project("{8BC9CEB8-8B4A-11D0-8D11-00A0C91BC942}") = "Ba", "Ba\Ba.vcxproj", "{7E64532E-91E7-496A-A265-975E16346A7C}"
EndProject
Project("{8BC9CEB8-8B4A-11D0-8D11-00A0C91BC942}") = "Bon", "Bon\Bon.vcxproj", "{51CA818B-C477-4064-9FFF-BF21AA90E316}"
EndProject
Project("{8BC9CEB8-8B4A-11D0-8D11-00A0C91BC942}") = "Nam", "Nam\Nam.vcxproj", "{97ACF1F1-B037-4B62-9300-773D66D69E82}"
EndProject
Project("{8BC9CEB8-8B4A-11D0-8D11-00A0C91BC942}") = "Sau", "Sau\Sau.vcxproj", "{F7306AF5-A32D-4393-99B6-789A79BD7C5C}"
EndProject
Project("{8BC9CEB8-8B4A-11D0-8D11-00A0C91BC942}") = "Bay", "Bay\Bay.vcxproj", "{5814D984-62A9-41FE-BED8-BE2B7466CABE}"
EndProject
Project("{8BC9CEB8-8B4A-11D0-8D11-00A0C91BC942}") = "Tam", "Tam\Tam.vcxproj", "{6105B8B8-CBBF-4736-983F-A0E7824158BB}"
EndProject
Project("{8BC9CEB8-8B4A-11D0-8D11-00A0C91BC942}") = "Chin", "Chin\Chin.vcxproj", "{53571D7F-69A5-4819-99E3-35139FE4F09A}"
EndProject
Project("{8BC9CEB8-8B4A-11D0-8D11-00A0C91BC942}") = "Muoi", "Muoi\Muoi.vcxproj", "{65E87A0C-52A5-44C2-9CA9-05A74F4987A6}"
EndProject
Project("{8BC9CEB8-8B4A-11D0-8D11-00A0C91BC942}") = "MuoiMot", "MuoiMot\MuoiMot.vcxproj", "{B76129CF-E5DD-4ADE-B3B9-714A4CF8F86F}"
EndProject
Project("{8BC9CEB8-8B4A-11D0-8D11-00A0C91BC942}") = "MuoiHai", "MuoiHai\MuoiHai.vcxproj", "{D6A8CCE5-B180-45F2-B30D-AF323F6FF0DD}"
EndProject
Project("{8BC9CEB8-8B4A-11D0-8D11-00A0C91BC942}") = "MuoiBa", "MuoiBa\MuoiBa.vcxproj", "{87353388-F732-4882-A995-7009DBBC8EAF}"
EndProject
Project("{8BC9CEB8-8B4A-11D0-8D11-00A0C91BC942}") = "MuoiBon", "MuoiBon\MuoiBon.vcxproj", "{AEC8649A-F7D8-41FA-8C1C-B0F781A43923}"
EndProject
Project("{8BC9CEB8-8B4A-11D0-8D11-00A0C91BC942}") = "MuoiNam", "MuoiNam\MuoiNam.vcxproj", "{45C08791-A524-4F82-A3B5-23B9E1105D48}"
EndProject
Project("{8BC9CEB8-8B4A-11D0-8D11-00A0C91BC942}") = "MuoiSau", "MuoiSau\MuoiSau.vcxproj", "{5288AD66-613E-4285-8CBC-9762FAC4F52F}"
EndProject
Project("{8BC9CEB8-8B4A-11D0-8D11-00A0C91BC942}") = "MuoiBay", "MuoiBay\MuoiBay.vcxproj", "{A3D0073B-81D8-47FD-A99E-71DEF76E3F6C}"
EndProject
Project("{8BC9CEB8-8B4A-11D0-8D11-00A0C91BC942}") = "MuoiTam", "MuoiTam\MuoiTam.vcxproj", "{3D490F79-E724-4ECB-B2BB-3835E5A9F56B}"
EndProject
Project("{8BC9CEB8-8B4A-11D0-8D11-00A0C91BC942}") = "MuoiChin", "MuoiChin\MuoiChin.vcxproj", "{2966AFC4-48E5-44B7-AF17-46AE0600C198}"
EndProject
Project("{8BC9CEB8-8B4A-11D0-8D11-00A0C91BC942}") = "HaiMuoi", "HaiMuoi\HaiMuoi.vcxproj", "{0E791BE5-F360-4717-B2C6-6054B4755404}"
EndProject
Project("{8BC9CEB8-8B4A-11D0-8D11-00A0C91BC942}") = "HaiMuoiMot", "HaiMuoiMot\HaiMuoiMot.vcxproj", "{D1DEDC09-443E-4ECD-BEDF-3FA1EC3BB617}"
EndProject
Project("{8BC9CEB8-8B4A-11D0-8D11-00A0C91BC942}") = "HaiMuoiHai", "HaiMuoiHai\HaiMuoiHai.vcxproj", "{FF9EA4EC-38CA-4C43-9D04-E753B436A69A}"
EndProject
Project("{8BC9CEB8-8B4A-11D0-8D11-00A0C91BC942}") = "HaiMuoiBa", "HaiMuoiBa\HaiMuoiBa.vcxproj", "{5734901C-F095-46F4-9B66-A6AF3DEABE8D}"
EndProject
Project("{8BC9CEB8-8B4A-11D0-8D11-00A0C91BC942}") = "HaiMuoiBon", "HaiMuoiBon\HaiMuoiBon.vcxproj", "{8482C4B9-A258-4D6F-9907-98D8F6919225}"
EndProject
Global
	GlobalSection(SolutionConfigurationPlatforms) = preSolution
		Debug|x64 = Debug|x64
		Debug|x86 = Debug|x86
		Release|x64 = Release|x64
		Release|x86 = Release|x86
	EndGlobalSection
	GlobalSection(ProjectConfigurationPlatforms) = postSolution
		{97F53CF1-48FD-4AA5-89DA-AE803145D4D4}.Debug|x64.ActiveCfg = Debug|x64
		{97F53CF1-48FD-4AA5-89DA-AE803145D4D4}.Debug|x64.Build.0 = Debug|x64
		{97F53CF1-48FD-4AA5-89DA-AE803145D4D4}.Debug|x86.ActiveCfg = Debug|Win32
		{97F53CF1-48FD-4AA5-89DA-AE803145D4D4}.Debug|x86.Build.0 = Debug|Win32
		{97F53CF1-48FD-4AA5-89DA-AE803145D4D4}.Release|x64.ActiveCfg = Release|x64
		{97F53CF1-48FD-4AA5-89DA-AE803145D4D4}.Release|x64.Build.0 = Release|x64
		{97F53CF1-48FD-4AA5-89DA-AE803145D4D4}.Release|x86.ActiveCfg = Release|Win32
		{97F53CF1-48FD-4AA5-89DA-AE803145D4D4}.Release|x86.Build.0 = Release|Win32
		{53392B96-D0AC-4EF0-BE2F-511A8748048F}.Debug|x64.ActiveCfg = Debug|x64
		{53392B96-D0AC-4EF0-BE2F-511A8748048F}.Debug|x64.Build.0 = Debug|x64
		{53392B96-D0AC-4EF0-BE2F-511A8748048F}.Debug|x86.ActiveCfg = Debug|Win32
		{53392B96-D0AC-4EF0-BE2F-511A8748048F}.Debug|x86.Build.0 = Debug|Win32
		{53392B96-D0AC-4EF0-BE2F-511A8748048F}.Release|x64.ActiveCfg = Release|x64
		{53392B96-D0AC-4EF0-BE2F-511A8748048F}.Release|x64.Build.0 = Release|x64
		{53392B96-D0AC-4EF0-BE2F-511A8748048F}.Release|x86.ActiveCfg = Release|Win32
		{53392B96-D0AC-4EF0-BE2F-511A8748048F}.Release|x86.Build.0 = Release|Win32
		{7E64532E-91E7-496A-A265-975E16346A7C}.Debug|x64.ActiveCfg = Debug|x64
		{7E64532E-91E7-496A-A265-975E16346A7C}.Debug|x64.Build.0 = Debug|x64
		{7E64532E-91E7-496A-A265-975E16346A7C}.Debug|x86.ActiveCfg = Debug|Win32
		{7E64532E-91E7-496A-A265-975E16346A7C}.Debug|x86.Build.0 = Debug|Win32
		{7E64532E-91E7-496A-A265-975E16346A7C}.Release|x64.ActiveCfg = Release|x64
		{7E64532E-91E7-496A-A265-975E16346A7C}.Release|x64.Build.0 = Release|x64
		{7E64532E-91E7-496A-A265-975E16346A7C}.Release|x86.ActiveCfg = Release|Win32
		{7E64532E-91E7-496A-A265-975E16346A7C}.Release|x86.Build.0 = Release|Win32
		{51CA818B-C477-4064-9FFF-BF21AA90E316}.Debug|x64.ActiveCfg = Debug|x64
		{51CA818B-C477-4064-9FFF-BF21AA90E316}.Debug|x64.Build.0 = Debug|x64
		{51CA818B-C477-4064-9FFF-BF21AA90E316}.Debug|x86.ActiveCfg = Debug|Win32
		{51CA818B-C477-4064-9FFF-BF21AA90E316}.Debug|x86.Build.0 = Debug|Win32
		{51CA818B-C477-4064-9FFF-BF21AA90E316}.Release|x64.ActiveCfg = Release|x64
		{51CA818B-C477-4064-9FFF-BF21AA90E316}.Release|x64.Build.0 = Release|x64
		{51CA818B-C477-4064-9FFF-BF21AA90E316}.Release|x86.ActiveCfg = Release|Win32
		{51CA818B-C477-4064-9FFF-BF21AA90E316}.Release|x86.Build.0 = Release|Win32
		{97ACF1F1-B037-4B62-9300-773D66D69E82}.Debug|x64.ActiveCfg = Debug|x64
		{97ACF1F1-B037-4B62-9300-773D66D69E82}.Debug|x64.Build.0 = Debug|x64
		{97ACF1F1-B037-4B62-9300-773D66D69E82}.Debug|x86.ActiveCfg = Debug|Win32
		{97ACF1F1-B037-4B62-9300-773D66D69E82}.Debug|x86.Build.0 = Debug|Win32
		{97ACF1F1-B037-4B62-9300-773D66D69E82}.Release|x64.ActiveCfg = Release|x64
		{97ACF1F1-B037-4B62-9300-773D66D69E82}.Release|x64.Build.0 = Release|x64
		{97ACF1F1-B037-4B62-9300-773D66D69E82}.Release|x86.ActiveCfg = Release|Win32
		{97ACF1F1-B037-4B62-9300-773D66D69E82}.Release|x86.Build.0 = Release|Win32
		{F7306AF5-A32D-4393-99B6-789A79BD7C5C}.Debug|x64.ActiveCfg = Debug|x64
		{F7306AF5-A32D-4393-99B6-789A79BD7C5C}.Debug|x64.Build.0 = Debug|x64
		{F7306AF5-A32D-4393-99B6-789A79BD7C5C}.Debug|x86.ActiveCfg = Debug|Win32
		{F7306AF5-A32D-4393-99B6-789A79BD7C5C}.Debug|x86.Build.0 = Debug|Win32
		{F7306AF5-A32D-4393-99B6-789A79BD7C5C}.Release|x64.ActiveCfg = Release|x64
		{F7306AF5-A32D-4393-99B6-789A79BD7C5C}.Release|x64.Build.0 = Release|x64
		{F7306AF5-A32D-4393-99B6-789A79BD7C5C}.Release|x86.ActiveCfg = Release|Win32
		{F7306AF5-A32D-4393-99B6-789A79BD7C5C}.Release|x86.Build.0 = Release|Win32
		{5814D984-62A9-41FE-BED8-BE2B7466CABE}.Debug|x64.ActiveCfg = Debug|x64
		{5814D984-62A9-41FE-BED8-BE2B7466CABE}.Debug|x64.Build.0 = Debug|x64
		{5814D984-62A9-41FE-BED8-BE2B7466CABE}.Debug|x86.ActiveCfg = Debug|Win32
		{5814D984-62A9-41FE-BED8-BE2B7466CABE}.Debug|x86.Build.0 = Debug|Win32
		{5814D984-62A9-41FE-BED8-BE2B7466CABE}.Release|x64.ActiveCfg = Release|x64
		{5814D984-62A9-41FE-BED8-BE2B7466CABE}.Release|x64.Build.0 = Release|x64
		{5814D984-62A9-41FE-BED8-BE2B7466CABE}.Release|x86.ActiveCfg = Release|Win32
		{5814D984-62A9-41FE-BED8-BE2B7466CABE}.Release|x86.Build.0 = Release|Win32
		{6105B8B8-CBBF-4736-983F-A0E7824158BB}.Debug|x64.ActiveCfg = Debug|x64
		{6105B8B8-CBBF-4736-983F-A0E7824158BB}.Debug|x64.Build.0 = Debug|x64
		{6105B8B8-CBBF-4736-983F-A0E7824158BB}.Debug|x86.ActiveCfg = Debug|Win32
		{6105B8B8-CBBF-4736-983F-A0E7824158BB}.Debug|x86.Build.0 = Debug|Win32
		{6105B8B8-CBBF-4736-983F-A0E7824158BB}.Release|x64.ActiveCfg = Release|x64
		{6105B8B8-CBBF-4736-983F-A0E7824158BB}.Release|x64.Build.0 = Release|x64
		{6105B8B8-CBBF-4736-983F-A0E7824158BB}.Release|x86.ActiveCfg = Release|Win32
		{6105B8B8-CBBF-4736-983F-A0E7824158BB}.Release|x86.Build.0 = Release|Win32
		{53571D7F-69A5-4819-99E3-35139FE4F09A}.Debug|x64.ActiveCfg = Debug|x64
		{53571D7F-69A5-4819-99E3-35139FE4F09A}.Debug|x64.Build.0 = Debug|x64
		{53571D7F-69A5-4819-99E3-35139FE4F09A}.Debug|x86.ActiveCfg = Debug|Win32
		{53571D7F-69A5-4819-99E3-35139FE4F09A}.Debug|x86.Build.0 = Debug|Win32
		{53571D7F-69A5-4819-99E3-35139FE4F09A}.Release|x64.ActiveCfg = Release|x64
		{53571D7F-69A5-4819-99E3-35139FE4F09A}.Release|x64.Build.0 = Release|x64
		{53571D7F-69A5-4819-99E3-35139FE4F09A}.Release|x86.ActiveCfg = Release|Win32
		{53571D7F-69A5-4819-99E3-35139FE4F09A}.Release|x86.Build.0 = Release|Win32
		{65E87A0C-52A5-44C2-9CA9-05A74F4987A6}.Debug|x64.ActiveCfg = Debug|x64
		{65E87A0C-52A5-44C2-9CA9-05A74F4987A6}.Debug|x64.Build.0 = Debug|x64
		{65E87A0C-52A5-44C2-9CA9-05A74F4987A6}.Debug|x86.ActiveCfg = Debug|Win32
		{65E87A0C-52A5-44C2-9CA9-05A74F4987A6}.Debug|x86.Build.0 = Debug|Win32
		{65E87A0C-52A5-44C2-9CA9-05A74F4987A6}.Release|x64.ActiveCfg = Release|x64
		{65E87A0C-52A5-44C2-9CA9-05A74F4987A6}.Release|x64.Build.0 = Release|x64
		{65E87A0C-52A5-44C2-9CA9-05A74F4987A6}.Release|x86.ActiveCfg = Release|Win32
		{65E87A0C-52A5-44C2-9CA9-05A74F4987A6}.Release|x86.Build.0 = Release|Win32
		{B76129CF-E5DD-4ADE-B3B9-714A4CF8F86F}.Debug|x64.ActiveCfg = Debug|x64
		{B76129CF-E5DD-4ADE-B3B9-714A4CF8F86F}.Debug|x64.Build.0 = Debug|x64
		{B76129CF-E5DD-4ADE-B3B9-714A4CF8F86F}.Debug|x86.ActiveCfg = Debug|Win32
		{B76129CF-E5DD-4ADE-B3B9-714A4CF8F86F}.Debug|x86.Build.0 = Debug|Win32
		{B76129CF-E5DD-4ADE-B3B9-714A4CF8F86F}.Release|x64.ActiveCfg = Release|x64
		{B76129CF-E5DD-4ADE-B3B9-714A4CF8F86F}.Release|x64.Build.0 = Release|x64
		{B76129CF-E5DD-4ADE-B3B9-714A4CF8F86F}.Release|x86.ActiveCfg = Release|Win32
		{B76129CF-E5DD-4ADE-B3B9-714A4CF8F86F}.Release|x86.Build.0 = Release|Win32
		{D6A8CCE5-B180-45F2-B30D-AF323F6FF0DD}.Debug|x64.ActiveCfg = Debug|x64
		{D6A8CCE5-B180-45F2-B30D-AF323F6FF0DD}.Debug|x64.Build.0 = Debug|x64
		{D6A8CCE5-B180-45F2-B30D-AF323F6FF0DD}.Debug|x86.ActiveCfg = Debug|Win32
		{D6A8CCE5-B180-45F2-B30D-AF323F6FF0DD}.Debug|x86.Build.0 = Debug|Win32
		{D6A8CCE5-B180-45F2-B30D-AF323F6FF0DD}.Release|x64.ActiveCfg = Release|x64
		{D6A8CCE5-B180-45F2-B30D-AF323F6FF0DD}.Release|x64.Build.0 = Release|x64
		{D6A8CCE5-B180-45F2-B30D-AF323F6FF0DD}.Release|x86.ActiveCfg = Release|Win32
		{D6A8CCE5-B180-45F2-B30D-AF323F6FF0DD}.Release|x86.Build.0 = Release|Win32
		{87353388-F732-4882-A995-7009DBBC8EAF}.Debug|x64.ActiveCfg = Debug|x64
		{87353388-F732-4882-A995-7009DBBC8EAF}.Debug|x64.Build.0 = Debug|x64
		{87353388-F732-4882-A995-7009DBBC8EAF}.Debug|x86.ActiveCfg = Debug|Win32
		{87353388-F732-4882-A995-7009DBBC8EAF}.Debug|x86.Build.0 = Debug|Win32
		{87353388-F732-4882-A995-7009DBBC8EAF}.Release|x64.ActiveCfg = Release|x64
		{87353388-F732-4882-A995-7009DBBC8EAF}.Release|x64.Build.0 = Release|x64
		{87353388-F732-4882-A995-7009DBBC8EAF}.Release|x86.ActiveCfg = Release|Win32
		{87353388-F732-4882-A995-7009DBBC8EAF}.Release|x86.Build.0 = Release|Win32
		{AEC8649A-F7D8-41FA-8C1C-B0F781A43923}.Debug|x64.ActiveCfg = Debug|x64
		{AEC8649A-F7D8-41FA-8C1C-B0F781A43923}.Debug|x64.Build.0 = Debug|x64
		{AEC8649A-F7D8-41FA-8C1C-B0F781A43923}.Debug|x86.ActiveCfg = Debug|Win32
		{AEC8649A-F7D8-41FA-8C1C-B0F781A43923}.Debug|x86.Build.0 = Debug|Win32
		{AEC8649A-F7D8-41FA-8C1C-B0F781A43923}.Release|x64.ActiveCfg = Release|x64
		{AEC8649A-F7D8-41FA-8C1C-B0F781A43923}.Release|x64.Build.0 = Release|x64
		{AEC8649A-F7D8-41FA-8C1C-B0F781A43923}.Release|x86.ActiveCfg = Release|Win32
		{AEC8649A-F7D8-41FA-8C1C-B0F781A43923}.Release|x86.Build.0 = Release|Win32
		{45C08791-A524-4F82-A3B5-23B9E1105D48}.Debug|x64.ActiveCfg = Debug|x64
		{45C08791-A524-4F82-A3B5-23B9E1105D48}.Debug|x64.Build.0 = Debug|x64
		{45C08791-A524-4F82-A3B5-23B9E1105D48}.Debug|x86.ActiveCfg = Debug|Win32
		{45C08791-A524-4F82-A3B5-23B9E1105D48}.Debug|x86.Build.0 = Debug|Win32
		{45C08791-A524-4F82-A3B5-23B9E1105D48}.Release|x64.ActiveCfg = Release|x64
		{45C08791-A524-4F82-A3B5-23B9E1105D48}.Release|x64.Build.0 = Release|x64
		{45C08791-A524-4F82-A3B5-23B9E1105D48}.Release|x86.ActiveCfg = Release|Win32
		{45C08791-A524-4F82-A3B5-23B9E1105D48}.Release|x86.Build.0 = Release|Win32
		{5288AD66-613E-4285-8CBC-9762FAC4F52F}.Debug|x64.ActiveCfg = Debug|x64
		{5288AD66-613E-4285-8CBC-9762FAC4F52F}.Debug|x64.Build.0 = Debug|x64
		{5288AD66-613E-4285-8CBC-9762FAC4F52F}.Debug|x86.ActiveCfg = Debug|Win32
		{5288AD66-613E-4285-8CBC-9762FAC4F52F}.Debug|x86.Build.0 = Debug|Win32
		{5288AD66-613E-4285-8CBC-9762FAC4F52F}.Release|x64.ActiveCfg = Release|x64
		{5288AD66-613E-4285-8CBC-9762FAC4F52F}.Release|x64.Build.0 = Release|x64
		{5288AD66-613E-4285-8CBC-9762FAC4F52F}.Release|x86.ActiveCfg = Release|Win32
		{5288AD66-613E-4285-8CBC-9762FAC4F52F}.Release|x86.Build.0 = Release|Win32
		{A3D0073B-81D8-47FD-A99E-71DEF76E3F6C}.Debug|x64.ActiveCfg = Debug|x64
		{A3D0073B-81D8-47FD-A99E-71DEF76E3F6C}.Debug|x64.Build.0 = Debug|x64
		{A3D0073B-81D8-47FD-A99E-71DEF76E3F6C}.Debug|x86.ActiveCfg = Debug|Win32
		{A3D0073B-81D8-47FD-A99E-71DEF76E3F6C}.Debug|x86.Build.0 = Debug|Win32
		{A3D0073B-81D8-47FD-A99E-71DEF76E3F6C}.Release|x64.ActiveCfg = Release|x64
		{A3D0073B-81D8-47FD-A99E-71DEF76E3F6C}.Release|x64.Build.0 = Release|x64
		{A3D0073B-81D8-47FD-A99E-71DEF76E3F6C}.Release|x86.ActiveCfg = Release|Win32
		{A3D0073B-81D8-47FD-A99E-71DEF76E3F6C}.Release|x86.Build.0 = Release|Win32
		{3D490F79-E724-4ECB-B2BB-3835E5A9F56B}.Debug|x64.ActiveCfg = Debug|x64
		{3D490F79-E724-4ECB-B2BB-3835E5A9F56B}.Debug|x64.Build.0 = Debug|x64
		{3D490F79-E724-4ECB-B2BB-3835E5A9F56B}.Debug|x86.ActiveCfg = Debug|Win32
		{3D490F79-E724-4ECB-B2BB-3835E5A9F56B}.Debug|x86.Build.0 = Debug|Win32
		{3D490F79-E724-4ECB-B2BB-3835E5A9F56B}.Release|x64.ActiveCfg = Release|x64
		{3D490F79-E724-4ECB-B2BB-3835E5A9F56B}.Release|x64.Build.0 = Release|x64
		{3D490F79-E724-4ECB-B2BB-3835E5A9F56B}.Release|x86.ActiveCfg = Release|Win32
		{3D490F79-E724-4ECB-B2BB-3835E5A9F56B}.Release|x86.Build.0 = Release|Win32
		{2966AFC4-48E5-44B7-AF17-46AE0600C198}.Debug|x64.ActiveCfg = Debug|x64
		{2966AFC4-48E5-44B7-AF17-46AE0600C198}.Debug|x64.Build.0 = Debug|x64
		{2966AFC4-48E5-44B7-AF17-46AE0600C198}.Debug|x86.ActiveCfg = Debug|Win32
		{2966AFC4-48E5-44B7-AF17-46AE0600C198}.Debug|x86.Build.0 = Debug|Win32
		{2966AFC4-48E5-44B7-AF17-46AE0600C198}.Release|x64.ActiveCfg = Release|x64
		{2966AFC4-48E5-44B7-AF17-46AE0600C198}.Release|x64.Build.0 = Release|x64
		{2966AFC4-48E5-44B7-AF17-46AE0600C198}.Release|x86.ActiveCfg = Release|Win32
		{2966AFC4-48E5-44B7-AF17-46AE0600C198}.Release|x86.Build.0 = Release|Win32
		{0E791BE5-F360-4717-B2C6-6054B4755404}.Debug|x64.ActiveCfg = Debug|x64
		{0E791BE5-F360-4717-B2C6-6054B4755404}.Debug|x64.Build.0 = Debug|x64
		{0E791BE5-F360-4717-B2C6-6054B4755404}.Debug|x86.ActiveCfg = Debug|Win32
		{0E791BE5-F360-4717-B2C6-6054B4755404}.Debug|x86.Build.0 = Debug|Win32
		{0E791BE5-F360-4717-B2C6-6054B4755404}.Release|x64.ActiveCfg = Release|x64
		{0E791BE5-F360-4717-B2C6-6054B4755404}.Release|x64.Build.0 = Release|x64
		{0E791BE5-F360-4717-B2C6-6054B4755404}.Release|x86.ActiveCfg = Release|Win32
		{0E791BE5-F360-4717-B2C6-6054B4755404}.Release|x86.Build.0 = Release|Win32
		{D1DEDC09-443E-4ECD-BEDF-3FA1EC3BB617}.Debug|x64.ActiveCfg = Debug|x64
		{D1DEDC09-443E-4ECD-BEDF-3FA1EC3BB617}.Debug|x64.Build.0 = Debug|x64
		{D1DEDC09-443E-4ECD-BEDF-3FA1EC3BB617}.Debug|x86.ActiveCfg = Debug|Win32
		{D1DEDC09-443E-4ECD-BEDF-3FA1EC3BB617}.Debug|x86.Build.0 = Debug|Win32
		{D1DEDC09-443E-4ECD-BEDF-3FA1EC3BB617}.Release|x64.ActiveCfg = Release|x64
		{D1DEDC09-443E-4ECD-BEDF-3FA1EC3BB617}.Release|x64.Build.0 = Release|x64
		{D1DEDC09-443E-4ECD-BEDF-3FA1EC3BB617}.Release|x86.ActiveCfg = Release|Win32
		{D1DEDC09-443E-4ECD-BEDF-3FA1EC3BB617}.Release|x86.Build.0 = Release|Win32
		{FF9EA4EC-38CA-4C43-9D04-E753B436A69A}.Debug|x64.ActiveCfg = Debug|x64
		{FF9EA4EC-38CA-4C43-9D04-E753B436A69A}.Debug|x64.Build.0 = Debug|x64
		{FF9EA4EC-38CA-4C43-9D04-E753B436A69A}.Debug|x86.ActiveCfg = Debug|Win32
		{FF9EA4EC-38CA-4C43-9D04-E753B436A69A}.Debug|x86.Build.0 = Debug|Win32
		{FF9EA4EC-38CA-4C43-9D04-E753B436A69A}.Release|x64.ActiveCfg = Release|x64
		{FF9EA4EC-38CA-4C43-9D04-E753B436A69A}.Release|x64.Build.0 = Release|x64
		{FF9EA4EC-38CA-4C43-9D04-E753B436A69A}.Release|x86.ActiveCfg = Release|Win32
		{FF9EA4EC-38CA-4C43-9D04-E753B436A69A}.Release|x86.Build.0 = Release|Win32
		{5734901C-F095-46F4-9B66-A6AF3DEABE8D}.Debug|x64.ActiveCfg = Debug|x64
		{5734901C-F095-46F4-9B66-A6AF3DEABE8D}.Debug|x64.Build.0 = Debug|x64
		{5734901C-F095-46F4-9B66-A6AF3DEABE8D}.Debug|x86.ActiveCfg = Debug|Win32
		{5734901C-F095-46F4-9B66-A6AF3DEABE8D}.Debug|x86.Build.0 = Debug|Win32
		{5734901C-F095-46F4-9B66-A6AF3DEABE8D}.Release|x64.ActiveCfg = Release|x64
		{5734901C-F095-46F4-9B66-A6AF3DEABE8D}.Release|x64.Build.0 = Release|x64
		{5734901C-F095-46F4-9B66-A6AF3DEABE8D}.Release|x86.ActiveCfg = Release|Win32
		{5734901C-F095-46F4-9B66-A6AF3DEABE8D}.Release|x86.Build.0 = Release|Win32
		{8482C4B9-A258-4D6F-9907-98D8F6919225}.Debug|x64.ActiveCfg = Debug|x64
		{8482C4B9-A258-4D6F-9907-98D8F6919225}.Debug|x64.Build.0 = Debug|x64
		{8482C4B9-A258-4D6F-9907-98D8F6919225}.Debug|x86.ActiveCfg = Debug|Win32
		{8482C4B9-A258-4D6F-9907-98D8F6919225}.Debug|x86.Build.0 = Debug|Win32
		{8482C4B9-A258-4D6F-9907-98D8F6919225}.Release|x64.ActiveCfg = Release|x64
		{8482C4B9-A258-4D6F-9907-98D8F6919225}.Release|x64.Build.0 = Release|x64
		{8482C4B9-A258-4D6F-9907-98D8F6919225}.Release|x86.ActiveCfg = Release|Win32
		{8482C4B9-A258-4D6F-9907-98D8F6919225}.Release|x86.Build.0 = Release|Win32
	EndGlobalSection
	GlobalSection(SolutionProperties) = preSolution
		HideSolutionNode = FALSE
	EndGlobalSection
	GlobalSection(ExtensibilityGlobals) = postSolution
		SolutionGuid = {2BC6748D-5F22-4AE4-BADF-47D14ED100E9}
	EndGlobalSection
EndGlobal
